// !$*UTF8*$!
{
	archiveVersion = 1;
	classes = {
	};
	objectVersion = 56;
	objects = {

/* Begin PBXBuildFile section */
		957FAF1E2A260730000929EA /* InstagramSwiftUIApp.swift in Sources */ = {isa = PBXBuildFile; fileRef = 957FAF1D2A260730000929EA /* InstagramSwiftUIApp.swift */; };
		957FAF202A260730000929EA /* ContentView.swift in Sources */ = {isa = PBXBuildFile; fileRef = 957FAF1F2A260730000929EA /* ContentView.swift */; };
		957FAF222A260731000929EA /* Assets.xcassets in Resources */ = {isa = PBXBuildFile; fileRef = 957FAF212A260731000929EA /* Assets.xcassets */; };
		957FAF252A260732000929EA /* Preview Assets.xcassets in Resources */ = {isa = PBXBuildFile; fileRef = 957FAF242A260732000929EA /* Preview Assets.xcassets */; };
		957FAF392A260A7D000929EA /* MainTabView.swift in Sources */ = {isa = PBXBuildFile; fileRef = 957FAF382A260A7D000929EA /* MainTabView.swift */; };
		957FAF3B2A260BE4000929EA /* ProfileView.swift in Sources */ = {isa = PBXBuildFile; fileRef = 957FAF3A2A260BE4000929EA /* ProfileView.swift */; };
		957FAF3E2A261777000929EA /* UserStatView.swift in Sources */ = {isa = PBXBuildFile; fileRef = 957FAF3D2A261777000929EA /* UserStatView.swift */; };
		957FAF402A261B85000929EA /* FeedView.swift in Sources */ = {isa = PBXBuildFile; fileRef = 957FAF3F2A261B85000929EA /* FeedView.swift */; };
		957FAF422A261B8D000929EA /* FeedCell.swift in Sources */ = {isa = PBXBuildFile; fileRef = 957FAF412A261B8D000929EA /* FeedCell.swift */; };
		957FAF442A2636DF000929EA /* SearchView.swift in Sources */ = {isa = PBXBuildFile; fileRef = 957FAF432A2636DF000929EA /* SearchView.swift */; };
		957FAF462A26426F000929EA /* LoginView.swift in Sources */ = {isa = PBXBuildFile; fileRef = 957FAF452A26426F000929EA /* LoginView.swift */; };
		957FAF482A264DCD000929EA /* AddEmailView.swift in Sources */ = {isa = PBXBuildFile; fileRef = 957FAF472A264DCD000929EA /* AddEmailView.swift */; };
		957FAF4A2A265336000929EA /* IGTextFieldModifier.swift in Sources */ = {isa = PBXBuildFile; fileRef = 957FAF492A265336000929EA /* IGTextFieldModifier.swift */; };
		957FAF4C2A265455000929EA /* CreateUsernameView.swift in Sources */ = {isa = PBXBuildFile; fileRef = 957FAF4B2A265455000929EA /* CreateUsernameView.swift */; };
		957FAF4E2A265584000929EA /* SignUpTextComponentView.swift in Sources */ = {isa = PBXBuildFile; fileRef = 957FAF4D2A265584000929EA /* SignUpTextComponentView.swift */; };
		957FAF502A274AE4000929EA /* CreatePasswordView.swift in Sources */ = {isa = PBXBuildFile; fileRef = 957FAF4F2A274AE4000929EA /* CreatePasswordView.swift */; };
		957FAF522A274E2B000929EA /* CompleteSignUpView.swift in Sources */ = {isa = PBXBuildFile; fileRef = 957FAF512A274E2B000929EA /* CompleteSignUpView.swift */; };
		957FAF542A275BCC000929EA /* User.swift in Sources */ = {isa = PBXBuildFile; fileRef = 957FAF532A275BCC000929EA /* User.swift */; };
		957FAF562A27623D000929EA /* CurrentUserProfileView.swift in Sources */ = {isa = PBXBuildFile; fileRef = 957FAF552A27623D000929EA /* CurrentUserProfileView.swift */; };
		957FAF582A2766CD000929EA /* Post.swift in Sources */ = {isa = PBXBuildFile; fileRef = 957FAF572A2766CD000929EA /* Post.swift */; };
		957FAF5A2A276B89000929EA /* PostGridView.swift in Sources */ = {isa = PBXBuildFile; fileRef = 957FAF592A276B89000929EA /* PostGridView.swift */; };
		957FAF5C2A276D69000929EA /* ProfileHeaderView.swift in Sources */ = {isa = PBXBuildFile; fileRef = 957FAF5B2A276D69000929EA /* ProfileHeaderView.swift */; };
		957FAF5E2A276F20000929EA /* UploadPostView.swift in Sources */ = {isa = PBXBuildFile; fileRef = 957FAF5D2A276F20000929EA /* UploadPostView.swift */; };
		957FAF602A277ACA000929EA /* UploadPostViewModel.swift in Sources */ = {isa = PBXBuildFile; fileRef = 957FAF5F2A277ACA000929EA /* UploadPostViewModel.swift */; };
		957FAF622A278053000929EA /* GoogleService-Info.plist in Resources */ = {isa = PBXBuildFile; fileRef = 957FAF612A278053000929EA /* GoogleService-Info.plist */; };
		957FAF652A278147000929EA /* FirebaseAuth in Frameworks */ = {isa = PBXBuildFile; productRef = 957FAF642A278147000929EA /* FirebaseAuth */; };
		957FAF672A278147000929EA /* FirebaseFirestore in Frameworks */ = {isa = PBXBuildFile; productRef = 957FAF662A278147000929EA /* FirebaseFirestore */; };
		957FAF692A278147000929EA /* FirebaseFirestoreSwift in Frameworks */ = {isa = PBXBuildFile; productRef = 957FAF682A278147000929EA /* FirebaseFirestoreSwift */; };
		957FAF6B2A278147000929EA /* FirebaseStorage in Frameworks */ = {isa = PBXBuildFile; productRef = 957FAF6A2A278147000929EA /* FirebaseStorage */; };
		957FAF6F2A2782CC000929EA /* AuthService.swift in Sources */ = {isa = PBXBuildFile; fileRef = 957FAF6E2A2782CC000929EA /* AuthService.swift */; };
		957FAF732A278421000929EA /* ContentViewModel.swift in Sources */ = {isa = PBXBuildFile; fileRef = 957FAF722A278421000929EA /* ContentViewModel.swift */; };
		957FAF762A27889F000929EA /* RegistrationViewModel.swift in Sources */ = {isa = PBXBuildFile; fileRef = 957FAF752A27889F000929EA /* RegistrationViewModel.swift */; };
		957FAF782A2791AA000929EA /* LoginViewModel.swift in Sources */ = {isa = PBXBuildFile; fileRef = 957FAF772A2791AA000929EA /* LoginViewModel.swift */; };
		957FAF7A2A279E30000929EA /* UserService.swift in Sources */ = {isa = PBXBuildFile; fileRef = 957FAF792A279E30000929EA /* UserService.swift */; };
		957FAF7E2A279EF8000929EA /* SearchViewModel.swift in Sources */ = {isa = PBXBuildFile; fileRef = 957FAF7D2A279EF8000929EA /* SearchViewModel.swift */; };
		957FAF802A288DC5000929EA /* EditProfileView.swift in Sources */ = {isa = PBXBuildFile; fileRef = 957FAF7F2A288DC5000929EA /* EditProfileView.swift */; };
		957FAF842A289207000929EA /* EditProfileViewModel.swift in Sources */ = {isa = PBXBuildFile; fileRef = 957FAF832A289207000929EA /* EditProfileViewModel.swift */; };
		957FAF862A289CE4000929EA /* ImageUploader.swift in Sources */ = {isa = PBXBuildFile; fileRef = 957FAF852A289CE4000929EA /* ImageUploader.swift */; };
		957FAF892A28A30E000929EA /* Kingfisher in Frameworks */ = {isa = PBXBuildFile; productRef = 957FAF882A28A30E000929EA /* Kingfisher */; };
		957FAF8B2A28A3B8000929EA /* CircularProfileImageView.swift in Sources */ = {isa = PBXBuildFile; fileRef = 957FAF8A2A28A3B8000929EA /* CircularProfileImageView.swift */; };
/* End PBXBuildFile section */

/* Begin PBXFileReference section */
		957FAF1A2A260730000929EA /* InstagramSwiftUI.app */ = {isa = PBXFileReference; explicitFileType = wrapper.application; includeInIndex = 0; path = InstagramSwiftUI.app; sourceTree = BUILT_PRODUCTS_DIR; };
		957FAF1D2A260730000929EA /* InstagramSwiftUIApp.swift */ = {isa = PBXFileReference; lastKnownFileType = sourcecode.swift; path = InstagramSwiftUIApp.swift; sourceTree = "<group>"; };
		957FAF1F2A260730000929EA /* ContentView.swift */ = {isa = PBXFileReference; lastKnownFileType = sourcecode.swift; path = ContentView.swift; sourceTree = "<group>"; };
		957FAF212A260731000929EA /* Assets.xcassets */ = {isa = PBXFileReference; lastKnownFileType = folder.assetcatalog; path = Assets.xcassets; sourceTree = "<group>"; };
		957FAF242A260732000929EA /* Preview Assets.xcassets */ = {isa = PBXFileReference; lastKnownFileType = folder.assetcatalog; path = "Preview Assets.xcassets"; sourceTree = "<group>"; };
		957FAF382A260A7D000929EA /* MainTabView.swift */ = {isa = PBXFileReference; lastKnownFileType = sourcecode.swift; path = MainTabView.swift; sourceTree = "<group>"; };
		957FAF3A2A260BE4000929EA /* ProfileView.swift */ = {isa = PBXFileReference; lastKnownFileType = sourcecode.swift; path = ProfileView.swift; sourceTree = "<group>"; };
		957FAF3D2A261777000929EA /* UserStatView.swift */ = {isa = PBXFileReference; lastKnownFileType = sourcecode.swift; path = UserStatView.swift; sourceTree = "<group>"; };
		957FAF3F2A261B85000929EA /* FeedView.swift */ = {isa = PBXFileReference; lastKnownFileType = sourcecode.swift; path = FeedView.swift; sourceTree = "<group>"; };
		957FAF412A261B8D000929EA /* FeedCell.swift */ = {isa = PBXFileReference; lastKnownFileType = sourcecode.swift; path = FeedCell.swift; sourceTree = "<group>"; };
		957FAF432A2636DF000929EA /* SearchView.swift */ = {isa = PBXFileReference; lastKnownFileType = sourcecode.swift; path = SearchView.swift; sourceTree = "<group>"; };
		957FAF452A26426F000929EA /* LoginView.swift */ = {isa = PBXFileReference; lastKnownFileType = sourcecode.swift; path = LoginView.swift; sourceTree = "<group>"; };
		957FAF472A264DCD000929EA /* AddEmailView.swift */ = {isa = PBXFileReference; lastKnownFileType = sourcecode.swift; path = AddEmailView.swift; sourceTree = "<group>"; };
		957FAF492A265336000929EA /* IGTextFieldModifier.swift */ = {isa = PBXFileReference; lastKnownFileType = sourcecode.swift; path = IGTextFieldModifier.swift; sourceTree = "<group>"; };
		957FAF4B2A265455000929EA /* CreateUsernameView.swift */ = {isa = PBXFileReference; lastKnownFileType = sourcecode.swift; path = CreateUsernameView.swift; sourceTree = "<group>"; };
		957FAF4D2A265584000929EA /* SignUpTextComponentView.swift */ = {isa = PBXFileReference; lastKnownFileType = sourcecode.swift; path = SignUpTextComponentView.swift; sourceTree = "<group>"; };
		957FAF4F2A274AE4000929EA /* CreatePasswordView.swift */ = {isa = PBXFileReference; lastKnownFileType = sourcecode.swift; path = CreatePasswordView.swift; sourceTree = "<group>"; };
		957FAF512A274E2B000929EA /* CompleteSignUpView.swift */ = {isa = PBXFileReference; lastKnownFileType = sourcecode.swift; path = CompleteSignUpView.swift; sourceTree = "<group>"; };
		957FAF532A275BCC000929EA /* User.swift */ = {isa = PBXFileReference; lastKnownFileType = sourcecode.swift; path = User.swift; sourceTree = "<group>"; };
		957FAF552A27623D000929EA /* CurrentUserProfileView.swift */ = {isa = PBXFileReference; lastKnownFileType = sourcecode.swift; path = CurrentUserProfileView.swift; sourceTree = "<group>"; };
		957FAF572A2766CD000929EA /* Post.swift */ = {isa = PBXFileReference; lastKnownFileType = sourcecode.swift; path = Post.swift; sourceTree = "<group>"; };
		957FAF592A276B89000929EA /* PostGridView.swift */ = {isa = PBXFileReference; lastKnownFileType = sourcecode.swift; path = PostGridView.swift; sourceTree = "<group>"; };
		957FAF5B2A276D69000929EA /* ProfileHeaderView.swift */ = {isa = PBXFileReference; lastKnownFileType = sourcecode.swift; path = ProfileHeaderView.swift; sourceTree = "<group>"; };
		957FAF5D2A276F20000929EA /* UploadPostView.swift */ = {isa = PBXFileReference; lastKnownFileType = sourcecode.swift; path = UploadPostView.swift; sourceTree = "<group>"; };
		957FAF5F2A277ACA000929EA /* UploadPostViewModel.swift */ = {isa = PBXFileReference; lastKnownFileType = sourcecode.swift; path = UploadPostViewModel.swift; sourceTree = "<group>"; };
		957FAF612A278053000929EA /* GoogleService-Info.plist */ = {isa = PBXFileReference; fileEncoding = 4; lastKnownFileType = text.plist.xml; path = "GoogleService-Info.plist"; sourceTree = "<group>"; };
		957FAF6E2A2782CC000929EA /* AuthService.swift */ = {isa = PBXFileReference; lastKnownFileType = sourcecode.swift; path = AuthService.swift; sourceTree = "<group>"; };
		957FAF722A278421000929EA /* ContentViewModel.swift */ = {isa = PBXFileReference; lastKnownFileType = sourcecode.swift; path = ContentViewModel.swift; sourceTree = "<group>"; };
		957FAF752A27889F000929EA /* RegistrationViewModel.swift */ = {isa = PBXFileReference; lastKnownFileType = sourcecode.swift; path = RegistrationViewModel.swift; sourceTree = "<group>"; };
		957FAF772A2791AA000929EA /* LoginViewModel.swift */ = {isa = PBXFileReference; lastKnownFileType = sourcecode.swift; path = LoginViewModel.swift; sourceTree = "<group>"; };
		957FAF792A279E30000929EA /* UserService.swift */ = {isa = PBXFileReference; lastKnownFileType = sourcecode.swift; path = UserService.swift; sourceTree = "<group>"; };
		957FAF7D2A279EF8000929EA /* SearchViewModel.swift */ = {isa = PBXFileReference; lastKnownFileType = sourcecode.swift; path = SearchViewModel.swift; sourceTree = "<group>"; };
		957FAF7F2A288DC5000929EA /* EditProfileView.swift */ = {isa = PBXFileReference; lastKnownFileType = sourcecode.swift; path = EditProfileView.swift; sourceTree = "<group>"; };
		957FAF832A289207000929EA /* EditProfileViewModel.swift */ = {isa = PBXFileReference; lastKnownFileType = sourcecode.swift; path = EditProfileViewModel.swift; sourceTree = "<group>"; };
		957FAF852A289CE4000929EA /* ImageUploader.swift */ = {isa = PBXFileReference; lastKnownFileType = sourcecode.swift; path = ImageUploader.swift; sourceTree = "<group>"; };
		957FAF8A2A28A3B8000929EA /* CircularProfileImageView.swift */ = {isa = PBXFileReference; lastKnownFileType = sourcecode.swift; path = CircularProfileImageView.swift; sourceTree = "<group>"; };
/* End PBXFileReference section */

/* Begin PBXFrameworksBuildPhase section */
		957FAF172A260730000929EA /* Frameworks */ = {
			isa = PBXFrameworksBuildPhase;
			buildActionMask = 2147483647;
			files = (
				957FAF652A278147000929EA /* FirebaseAuth in Frameworks */,
				957FAF6B2A278147000929EA /* FirebaseStorage in Frameworks */,
				957FAF672A278147000929EA /* FirebaseFirestore in Frameworks */,
				957FAF692A278147000929EA /* FirebaseFirestoreSwift in Frameworks */,
				957FAF892A28A30E000929EA /* Kingfisher in Frameworks */,
			);
			runOnlyForDeploymentPostprocessing = 0;
		};
/* End PBXFrameworksBuildPhase section */

/* Begin PBXGroup section */
		957FAF112A260730000929EA = {
			isa = PBXGroup;
			children = (
				957FAF1C2A260730000929EA /* InstagramSwiftUI */,
				957FAF1B2A260730000929EA /* Products */,
			);
			sourceTree = "<group>";
		};
		957FAF1B2A260730000929EA /* Products */ = {
			isa = PBXGroup;
			children = (
				957FAF1A2A260730000929EA /* InstagramSwiftUI.app */,
			);
			name = Products;
			sourceTree = "<group>";
		};
		957FAF1C2A260730000929EA /* InstagramSwiftUI */ = {
			isa = PBXGroup;
			children = (
				957FAF2F2A2607E0000929EA /* App */,
				957FAF2E2A2607DF000929EA /* Core */,
				957FAF2D2A2607DE000929EA /* Extensions */,
				957FAF2C2A2607DD000929EA /* Model */,
				957FAF2B2A2607D4000929EA /* Services */,
				957FAF212A260731000929EA /* Assets.xcassets */,
				957FAF612A278053000929EA /* GoogleService-Info.plist */,
				957FAF232A260732000929EA /* Preview Content */,
			);
			path = InstagramSwiftUI;
			sourceTree = "<group>";
		};
		957FAF232A260732000929EA /* Preview Content */ = {
			isa = PBXGroup;
			children = (
				957FAF242A260732000929EA /* Preview Assets.xcassets */,
			);
			path = "Preview Content";
			sourceTree = "<group>";
		};
		957FAF2B2A2607D4000929EA /* Services */ = {
			isa = PBXGroup;
			children = (
				957FAF792A279E30000929EA /* UserService.swift */,
				957FAF852A289CE4000929EA /* ImageUploader.swift */,
			);
			path = Services;
			sourceTree = "<group>";
		};
		957FAF2C2A2607DD000929EA /* Model */ = {
			isa = PBXGroup;
			children = (
				957FAF532A275BCC000929EA /* User.swift */,
				957FAF572A2766CD000929EA /* Post.swift */,
			);
			path = Model;
			sourceTree = "<group>";
		};
		957FAF2D2A2607DE000929EA /* Extensions */ = {
			isa = PBXGroup;
			children = (
			);
			path = Extensions;
			sourceTree = "<group>";
		};
		957FAF2E2A2607DF000929EA /* Core */ = {
			isa = PBXGroup;
			children = (
				957FAF302A260816000929EA /* Authentication */,
				957FAF3C2A261757000929EA /* Components */,
				957FAF312A260819000929EA /* Feed */,
				957FAF322A26082B000929EA /* Profile */,
				957FAF332A260832000929EA /* Root */,
				957FAF342A260839000929EA /* Search */,
				957FAF352A260871000929EA /* TabBar */,
				957FAF372A26087E000929EA /* UploadPost */,
			);
			path = Core;
			sourceTree = "<group>";
		};
		957FAF2F2A2607E0000929EA /* App */ = {
			isa = PBXGroup;
			children = (
				957FAF1D2A260730000929EA /* InstagramSwiftUIApp.swift */,
			);
			path = App;
			sourceTree = "<group>";
		};
		957FAF302A260816000929EA /* Authentication */ = {
			isa = PBXGroup;
			children = (
				957FAF6C2A278296000929EA /* View */,
				957FAF742A27882B000929EA /* ViewModel */,
				957FAF6D2A2782B3000929EA /* Service */,
			);
			path = Authentication;
			sourceTree = "<group>";
		};
		957FAF312A260819000929EA /* Feed */ = {
			isa = PBXGroup;
			children = (
				957FAF3F2A261B85000929EA /* FeedView.swift */,
				957FAF412A261B8D000929EA /* FeedCell.swift */,
			);
			path = Feed;
			sourceTree = "<group>";
		};
		957FAF322A26082B000929EA /* Profile */ = {
			isa = PBXGroup;
			children = (
				957FAF822A2891F0000929EA /* View */,
				957FAF812A2891E4000929EA /* ViewModel */,
			);
			path = Profile;
			sourceTree = "<group>";
		};
		957FAF332A260832000929EA /* Root */ = {
			isa = PBXGroup;
			children = (
				957FAF702A278403000929EA /* View */,
				957FAF712A278406000929EA /* ViewModel */,
			);
			path = Root;
			sourceTree = "<group>";
		};
		957FAF342A260839000929EA /* Search */ = {
			isa = PBXGroup;
			children = (
				957FAF7C2A279EE0000929EA /* View */,
				957FAF7B2A279ECD000929EA /* ViewModel */,
			);
			path = Search;
			sourceTree = "<group>";
		};
		957FAF352A260871000929EA /* TabBar */ = {
			isa = PBXGroup;
			children = (
				957FAF382A260A7D000929EA /* MainTabView.swift */,
			);
			path = TabBar;
			sourceTree = "<group>";
		};
		957FAF372A26087E000929EA /* UploadPost */ = {
			isa = PBXGroup;
			children = (
				957FAF8D2A28A792000929EA /* View */,
				957FAF8C2A28A78D000929EA /* ViewModel */,
			);
			path = UploadPost;
			sourceTree = "<group>";
		};
		957FAF3C2A261757000929EA /* Components */ = {
			isa = PBXGroup;
			children = (
				957FAF3D2A261777000929EA /* UserStatView.swift */,
				957FAF4D2A265584000929EA /* SignUpTextComponentView.swift */,
				957FAF492A265336000929EA /* IGTextFieldModifier.swift */,
				957FAF592A276B89000929EA /* PostGridView.swift */,
				957FAF8A2A28A3B8000929EA /* CircularProfileImageView.swift */,
			);
			path = Components;
			sourceTree = "<group>";
		};
		957FAF6C2A278296000929EA /* View */ = {
			isa = PBXGroup;
			children = (
				957FAF452A26426F000929EA /* LoginView.swift */,
				957FAF472A264DCD000929EA /* AddEmailView.swift */,
				957FAF4B2A265455000929EA /* CreateUsernameView.swift */,
				957FAF4F2A274AE4000929EA /* CreatePasswordView.swift */,
				957FAF512A274E2B000929EA /* CompleteSignUpView.swift */,
			);
			path = View;
			sourceTree = "<group>";
		};
		957FAF6D2A2782B3000929EA /* Service */ = {
			isa = PBXGroup;
			children = (
				957FAF6E2A2782CC000929EA /* AuthService.swift */,
			);
			path = Service;
			sourceTree = "<group>";
		};
		957FAF702A278403000929EA /* View */ = {
			isa = PBXGroup;
			children = (
				957FAF1F2A260730000929EA /* ContentView.swift */,
			);
			path = View;
			sourceTree = "<group>";
		};
		957FAF712A278406000929EA /* ViewModel */ = {
			isa = PBXGroup;
			children = (
				957FAF722A278421000929EA /* ContentViewModel.swift */,
			);
			path = ViewModel;
			sourceTree = "<group>";
		};
		957FAF742A27882B000929EA /* ViewModel */ = {
			isa = PBXGroup;
			children = (
				957FAF752A27889F000929EA /* RegistrationViewModel.swift */,
				957FAF772A2791AA000929EA /* LoginViewModel.swift */,
			);
			path = ViewModel;
			sourceTree = "<group>";
		};
		957FAF7B2A279ECD000929EA /* ViewModel */ = {
			isa = PBXGroup;
			children = (
				957FAF7D2A279EF8000929EA /* SearchViewModel.swift */,
			);
			path = ViewModel;
			sourceTree = "<group>";
		};
		957FAF7C2A279EE0000929EA /* View */ = {
			isa = PBXGroup;
			children = (
				957FAF432A2636DF000929EA /* SearchView.swift */,
			);
			path = View;
			sourceTree = "<group>";
		};
		957FAF812A2891E4000929EA /* ViewModel */ = {
			isa = PBXGroup;
			children = (
				957FAF832A289207000929EA /* EditProfileViewModel.swift */,
			);
			path = ViewModel;
			sourceTree = "<group>";
		};
		957FAF822A2891F0000929EA /* View */ = {
			isa = PBXGroup;
			children = (
				957FAF3A2A260BE4000929EA /* ProfileView.swift */,
				957FAF552A27623D000929EA /* CurrentUserProfileView.swift */,
				957FAF5B2A276D69000929EA /* ProfileHeaderView.swift */,
				957FAF7F2A288DC5000929EA /* EditProfileView.swift */,
			);
			path = View;
			sourceTree = "<group>";
		};
		957FAF8C2A28A78D000929EA /* ViewModel */ = {
			isa = PBXGroup;
			children = (
				957FAF5F2A277ACA000929EA /* UploadPostViewModel.swift */,
			);
			path = ViewModel;
			sourceTree = "<group>";
		};
		957FAF8D2A28A792000929EA /* View */ = {
			isa = PBXGroup;
			children = (
				957FAF5D2A276F20000929EA /* UploadPostView.swift */,
			);
			path = View;
			sourceTree = "<group>";
		};
/* End PBXGroup section */

/* Begin PBXNativeTarget section */
		957FAF192A260730000929EA /* InstagramSwiftUI */ = {
			isa = PBXNativeTarget;
			buildConfigurationList = 957FAF282A260732000929EA /* Build configuration list for PBXNativeTarget "InstagramSwiftUI" */;
			buildPhases = (
				957FAF162A260730000929EA /* Sources */,
				957FAF172A260730000929EA /* Frameworks */,
				957FAF182A260730000929EA /* Resources */,
			);
			buildRules = (
			);
			dependencies = (
			);
			name = InstagramSwiftUI;
			packageProductDependencies = (
				957FAF642A278147000929EA /* FirebaseAuth */,
				957FAF662A278147000929EA /* FirebaseFirestore */,
				957FAF682A278147000929EA /* FirebaseFirestoreSwift */,
				957FAF6A2A278147000929EA /* FirebaseStorage */,
				957FAF882A28A30E000929EA /* Kingfisher */,
			);
			productName = InstagramSwiftUI;
			productReference = 957FAF1A2A260730000929EA /* InstagramSwiftUI.app */;
			productType = "com.apple.product-type.application";
		};
/* End PBXNativeTarget section */

/* Begin PBXProject section */
		957FAF122A260730000929EA /* Project object */ = {
			isa = PBXProject;
			attributes = {
				BuildIndependentTargetsInParallel = 1;
				LastSwiftUpdateCheck = 1430;
				LastUpgradeCheck = 1430;
				TargetAttributes = {
					957FAF192A260730000929EA = {
						CreatedOnToolsVersion = 14.3;
					};
				};
			};
			buildConfigurationList = 957FAF152A260730000929EA /* Build configuration list for PBXProject "InstagramSwiftUI" */;
			compatibilityVersion = "Xcode 14.0";
			developmentRegion = en;
			hasScannedForEncodings = 0;
			knownRegions = (
				en,
				Base,
			);
			mainGroup = 957FAF112A260730000929EA;
			packageReferences = (
				957FAF632A278147000929EA /* XCRemoteSwiftPackageReference "firebase-ios-sdk" */,
				957FAF872A28A30E000929EA /* XCRemoteSwiftPackageReference "Kingfisher" */,
			);
			productRefGroup = 957FAF1B2A260730000929EA /* Products */;
			projectDirPath = "";
			projectRoot = "";
			targets = (
				957FAF192A260730000929EA /* InstagramSwiftUI */,
			);
		};
/* End PBXProject section */

/* Begin PBXResourcesBuildPhase section */
		957FAF182A260730000929EA /* Resources */ = {
			isa = PBXResourcesBuildPhase;
			buildActionMask = 2147483647;
			files = (
				957FAF252A260732000929EA /* Preview Assets.xcassets in Resources */,
				957FAF222A260731000929EA /* Assets.xcassets in Resources */,
				957FAF622A278053000929EA /* GoogleService-Info.plist in Resources */,
			);
			runOnlyForDeploymentPostprocessing = 0;
		};
/* End PBXResourcesBuildPhase section */

/* Begin PBXSourcesBuildPhase section */
		957FAF162A260730000929EA /* Sources */ = {
			isa = PBXSourcesBuildPhase;
			buildActionMask = 2147483647;
			files = (
				957FAF422A261B8D000929EA /* FeedCell.swift in Sources */,
				957FAF6F2A2782CC000929EA /* AuthService.swift in Sources */,
				957FAF7A2A279E30000929EA /* UserService.swift in Sources */,
				957FAF502A274AE4000929EA /* CreatePasswordView.swift in Sources */,
				957FAF4E2A265584000929EA /* SignUpTextComponentView.swift in Sources */,
				957FAF3B2A260BE4000929EA /* ProfileView.swift in Sources */,
				957FAF862A289CE4000929EA /* ImageUploader.swift in Sources */,
				957FAF542A275BCC000929EA /* User.swift in Sources */,
				957FAF202A260730000929EA /* ContentView.swift in Sources */,
				957FAF462A26426F000929EA /* LoginView.swift in Sources */,
				957FAF782A2791AA000929EA /* LoginViewModel.swift in Sources */,
				957FAF732A278421000929EA /* ContentViewModel.swift in Sources */,
				957FAF5C2A276D69000929EA /* ProfileHeaderView.swift in Sources */,
				957FAF842A289207000929EA /* EditProfileViewModel.swift in Sources */,
				957FAF1E2A260730000929EA /* InstagramSwiftUIApp.swift in Sources */,
				957FAF482A264DCD000929EA /* AddEmailView.swift in Sources */,
				957FAF802A288DC5000929EA /* EditProfileView.swift in Sources */,
				957FAF4C2A265455000929EA /* CreateUsernameView.swift in Sources */,
				957FAF442A2636DF000929EA /* SearchView.swift in Sources */,
				957FAF522A274E2B000929EA /* CompleteSignUpView.swift in Sources */,
				957FAF602A277ACA000929EA /* UploadPostViewModel.swift in Sources */,
				957FAF5A2A276B89000929EA /* PostGridView.swift in Sources */,
				957FAF4A2A265336000929EA /* IGTextFieldModifier.swift in Sources */,
				957FAF3E2A261777000929EA /* UserStatView.swift in Sources */,
				957FAF5E2A276F20000929EA /* UploadPostView.swift in Sources */,
				957FAF7E2A279EF8000929EA /* SearchViewModel.swift in Sources */,
				957FAF762A27889F000929EA /* RegistrationViewModel.swift in Sources */,
				957FAF402A261B85000929EA /* FeedView.swift in Sources */,
				957FAF582A2766CD000929EA /* Post.swift in Sources */,
				957FAF8B2A28A3B8000929EA /* CircularProfileImageView.swift in Sources */,
				957FAF392A260A7D000929EA /* MainTabView.swift in Sources */,
				957FAF562A27623D000929EA /* CurrentUserProfileView.swift in Sources */,
			);
			runOnlyForDeploymentPostprocessing = 0;
		};
/* End PBXSourcesBuildPhase section */

/* Begin XCBuildConfiguration section */
		957FAF262A260732000929EA /* Debug */ = {
			isa = XCBuildConfiguration;
			buildSettings = {
				ALWAYS_SEARCH_USER_PATHS = NO;
				CLANG_ANALYZER_NONNULL = YES;
				CLANG_ANALYZER_NUMBER_OBJECT_CONVERSION = YES_AGGRESSIVE;
				CLANG_CXX_LANGUAGE_STANDARD = "gnu++20";
				CLANG_ENABLE_MODULES = YES;
				CLANG_ENABLE_OBJC_ARC = YES;
				CLANG_ENABLE_OBJC_WEAK = YES;
				CLANG_WARN_BLOCK_CAPTURE_AUTORELEASING = YES;
				CLANG_WARN_BOOL_CONVERSION = YES;
				CLANG_WARN_COMMA = YES;
				CLANG_WARN_CONSTANT_CONVERSION = YES;
				CLANG_WARN_DEPRECATED_OBJC_IMPLEMENTATIONS = YES;
				CLANG_WARN_DIRECT_OBJC_ISA_USAGE = YES_ERROR;
				CLANG_WARN_DOCUMENTATION_COMMENTS = YES;
				CLANG_WARN_EMPTY_BODY = YES;
				CLANG_WARN_ENUM_CONVERSION = YES;
				CLANG_WARN_INFINITE_RECURSION = YES;
				CLANG_WARN_INT_CONVERSION = YES;
				CLANG_WARN_NON_LITERAL_NULL_CONVERSION = YES;
				CLANG_WARN_OBJC_IMPLICIT_RETAIN_SELF = YES;
				CLANG_WARN_OBJC_LITERAL_CONVERSION = YES;
				CLANG_WARN_OBJC_ROOT_CLASS = YES_ERROR;
				CLANG_WARN_QUOTED_INCLUDE_IN_FRAMEWORK_HEADER = YES;
				CLANG_WARN_RANGE_LOOP_ANALYSIS = YES;
				CLANG_WARN_STRICT_PROTOTYPES = YES;
				CLANG_WARN_SUSPICIOUS_MOVE = YES;
				CLANG_WARN_UNGUARDED_AVAILABILITY = YES_AGGRESSIVE;
				CLANG_WARN_UNREACHABLE_CODE = YES;
				CLANG_WARN__DUPLICATE_METHOD_MATCH = YES;
				COPY_PHASE_STRIP = NO;
				DEBUG_INFORMATION_FORMAT = dwarf;
				ENABLE_STRICT_OBJC_MSGSEND = YES;
				ENABLE_TESTABILITY = YES;
				GCC_C_LANGUAGE_STANDARD = gnu11;
				GCC_DYNAMIC_NO_PIC = NO;
				GCC_NO_COMMON_BLOCKS = YES;
				GCC_OPTIMIZATION_LEVEL = 0;
				GCC_PREPROCESSOR_DEFINITIONS = (
					"DEBUG=1",
					"$(inherited)",
				);
				GCC_WARN_64_TO_32_BIT_CONVERSION = YES;
				GCC_WARN_ABOUT_RETURN_TYPE = YES_ERROR;
				GCC_WARN_UNDECLARED_SELECTOR = YES;
				GCC_WARN_UNINITIALIZED_AUTOS = YES_AGGRESSIVE;
				GCC_WARN_UNUSED_FUNCTION = YES;
				GCC_WARN_UNUSED_VARIABLE = YES;
				IPHONEOS_DEPLOYMENT_TARGET = 16.4;
				MTL_ENABLE_DEBUG_INFO = INCLUDE_SOURCE;
				MTL_FAST_MATH = YES;
				ONLY_ACTIVE_ARCH = YES;
				SDKROOT = iphoneos;
				SWIFT_ACTIVE_COMPILATION_CONDITIONS = DEBUG;
				SWIFT_OPTIMIZATION_LEVEL = "-Onone";
			};
			name = Debug;
		};
		957FAF272A260732000929EA /* Release */ = {
			isa = XCBuildConfiguration;
			buildSettings = {
				ALWAYS_SEARCH_USER_PATHS = NO;
				CLANG_ANALYZER_NONNULL = YES;
				CLANG_ANALYZER_NUMBER_OBJECT_CONVERSION = YES_AGGRESSIVE;
				CLANG_CXX_LANGUAGE_STANDARD = "gnu++20";
				CLANG_ENABLE_MODULES = YES;
				CLANG_ENABLE_OBJC_ARC = YES;
				CLANG_ENABLE_OBJC_WEAK = YES;
				CLANG_WARN_BLOCK_CAPTURE_AUTORELEASING = YES;
				CLANG_WARN_BOOL_CONVERSION = YES;
				CLANG_WARN_COMMA = YES;
				CLANG_WARN_CONSTANT_CONVERSION = YES;
				CLANG_WARN_DEPRECATED_OBJC_IMPLEMENTATIONS = YES;
				CLANG_WARN_DIRECT_OBJC_ISA_USAGE = YES_ERROR;
				CLANG_WARN_DOCUMENTATION_COMMENTS = YES;
				CLANG_WARN_EMPTY_BODY = YES;
				CLANG_WARN_ENUM_CONVERSION = YES;
				CLANG_WARN_INFINITE_RECURSION = YES;
				CLANG_WARN_INT_CONVERSION = YES;
				CLANG_WARN_NON_LITERAL_NULL_CONVERSION = YES;
				CLANG_WARN_OBJC_IMPLICIT_RETAIN_SELF = YES;
				CLANG_WARN_OBJC_LITERAL_CONVERSION = YES;
				CLANG_WARN_OBJC_ROOT_CLASS = YES_ERROR;
				CLANG_WARN_QUOTED_INCLUDE_IN_FRAMEWORK_HEADER = YES;
				CLANG_WARN_RANGE_LOOP_ANALYSIS = YES;
				CLANG_WARN_STRICT_PROTOTYPES = YES;
				CLANG_WARN_SUSPICIOUS_MOVE = YES;
				CLANG_WARN_UNGUARDED_AVAILABILITY = YES_AGGRESSIVE;
				CLANG_WARN_UNREACHABLE_CODE = YES;
				CLANG_WARN__DUPLICATE_METHOD_MATCH = YES;
				COPY_PHASE_STRIP = NO;
				DEBUG_INFORMATION_FORMAT = "dwarf-with-dsym";
				ENABLE_NS_ASSERTIONS = NO;
				ENABLE_STRICT_OBJC_MSGSEND = YES;
				GCC_C_LANGUAGE_STANDARD = gnu11;
				GCC_NO_COMMON_BLOCKS = YES;
				GCC_WARN_64_TO_32_BIT_CONVERSION = YES;
				GCC_WARN_ABOUT_RETURN_TYPE = YES_ERROR;
				GCC_WARN_UNDECLARED_SELECTOR = YES;
				GCC_WARN_UNINITIALIZED_AUTOS = YES_AGGRESSIVE;
				GCC_WARN_UNUSED_FUNCTION = YES;
				GCC_WARN_UNUSED_VARIABLE = YES;
				IPHONEOS_DEPLOYMENT_TARGET = 16.4;
				MTL_ENABLE_DEBUG_INFO = NO;
				MTL_FAST_MATH = YES;
				SDKROOT = iphoneos;
				SWIFT_COMPILATION_MODE = wholemodule;
				SWIFT_OPTIMIZATION_LEVEL = "-O";
				VALIDATE_PRODUCT = YES;
			};
			name = Release;
		};
		957FAF292A260732000929EA /* Debug */ = {
			isa = XCBuildConfiguration;
			buildSettings = {
				ASSETCATALOG_COMPILER_APPICON_NAME = AppIcon;
				ASSETCATALOG_COMPILER_GLOBAL_ACCENT_COLOR_NAME = AccentColor;
				CODE_SIGN_STYLE = Automatic;
				CURRENT_PROJECT_VERSION = 1;
				DEVELOPMENT_ASSET_PATHS = "\"InstagramSwiftUI/Preview Content\"";
				DEVELOPMENT_TEAM = F27HQ4FLX4;
				ENABLE_PREVIEWS = YES;
				GENERATE_INFOPLIST_FILE = YES;
				INFOPLIST_KEY_UIApplicationSceneManifest_Generation = YES;
				INFOPLIST_KEY_UIApplicationSupportsIndirectInputEvents = YES;
				INFOPLIST_KEY_UILaunchScreen_Generation = YES;
				INFOPLIST_KEY_UISupportedInterfaceOrientations_iPad = "UIInterfaceOrientationPortrait UIInterfaceOrientationPortraitUpsideDown UIInterfaceOrientationLandscapeLeft UIInterfaceOrientationLandscapeRight";
				INFOPLIST_KEY_UISupportedInterfaceOrientations_iPhone = "UIInterfaceOrientationPortrait UIInterfaceOrientationLandscapeLeft UIInterfaceOrientationLandscapeRight";
				LD_RUNPATH_SEARCH_PATHS = (
					"$(inherited)",
					"@executable_path/Frameworks",
				);
				MARKETING_VERSION = 1.0;
				PRODUCT_BUNDLE_IDENTIFIER = com.charlie.InstagramSwiftUI;
				PRODUCT_NAME = "$(TARGET_NAME)";
				SWIFT_EMIT_LOC_STRINGS = YES;
				SWIFT_VERSION = 5.0;
				TARGETED_DEVICE_FAMILY = "1,2";
			};
			name = Debug;
		};
		957FAF2A2A260732000929EA /* Release */ = {
			isa = XCBuildConfiguration;
			buildSettings = {
				ASSETCATALOG_COMPILER_APPICON_NAME = AppIcon;
				ASSETCATALOG_COMPILER_GLOBAL_ACCENT_COLOR_NAME = AccentColor;
				CODE_SIGN_STYLE = Automatic;
				CURRENT_PROJECT_VERSION = 1;
				DEVELOPMENT_ASSET_PATHS = "\"InstagramSwiftUI/Preview Content\"";
				DEVELOPMENT_TEAM = F27HQ4FLX4;
				ENABLE_PREVIEWS = YES;
				GENERATE_INFOPLIST_FILE = YES;
				INFOPLIST_KEY_UIApplicationSceneManifest_Generation = YES;
				INFOPLIST_KEY_UIApplicationSupportsIndirectInputEvents = YES;
				INFOPLIST_KEY_UILaunchScreen_Generation = YES;
				INFOPLIST_KEY_UISupportedInterfaceOrientations_iPad = "UIInterfaceOrientationPortrait UIInterfaceOrientationPortraitUpsideDown UIInterfaceOrientationLandscapeLeft UIInterfaceOrientationLandscapeRight";
				INFOPLIST_KEY_UISupportedInterfaceOrientations_iPhone = "UIInterfaceOrientationPortrait UIInterfaceOrientationLandscapeLeft UIInterfaceOrientationLandscapeRight";
				LD_RUNPATH_SEARCH_PATHS = (
					"$(inherited)",
					"@executable_path/Frameworks",
				);
				MARKETING_VERSION = 1.0;
				PRODUCT_BUNDLE_IDENTIFIER = com.charlie.InstagramSwiftUI;
				PRODUCT_NAME = "$(TARGET_NAME)";
				SWIFT_EMIT_LOC_STRINGS = YES;
				SWIFT_VERSION = 5.0;
				TARGETED_DEVICE_FAMILY = "1,2";
			};
			name = Release;
		};
/* End XCBuildConfiguration section */

/* Begin XCConfigurationList section */
		957FAF152A260730000929EA /* Build configuration list for PBXProject "InstagramSwiftUI" */ = {
			isa = XCConfigurationList;
			buildConfigurations = (
				957FAF262A260732000929EA /* Debug */,
				957FAF272A260732000929EA /* Release */,
			);
			defaultConfigurationIsVisible = 0;
			defaultConfigurationName = Release;
		};
		957FAF282A260732000929EA /* Build configuration list for PBXNativeTarget "InstagramSwiftUI" */ = {
			isa = XCConfigurationList;
			buildConfigurations = (
				957FAF292A260732000929EA /* Debug */,
				957FAF2A2A260732000929EA /* Release */,
			);
			defaultConfigurationIsVisible = 0;
			defaultConfigurationName = Release;
		};
/* End XCConfigurationList section */

/* Begin XCRemoteSwiftPackageReference section */
		957FAF632A278147000929EA /* XCRemoteSwiftPackageReference "firebase-ios-sdk" */ = {
			isa = XCRemoteSwiftPackageReference;
			repositoryURL = "https://github.com/firebase/firebase-ios-sdk";
			requirement = {
				kind = upToNextMajorVersion;
				minimumVersion = 10.0.0;
			};
		};
		957FAF872A28A30E000929EA /* XCRemoteSwiftPackageReference "Kingfisher" */ = {
			isa = XCRemoteSwiftPackageReference;
			repositoryURL = "https://github.com/onevcat/Kingfisher";
			requirement = {
				kind = upToNextMajorVersion;
				minimumVersion = 7.0.0;
			};
		};
/* End XCRemoteSwiftPackageReference section */

/* Begin XCSwiftPackageProductDependency section */
		957FAF642A278147000929EA /* FirebaseAuth */ = {
			isa = XCSwiftPackageProductDependency;
			package = 957FAF632A278147000929EA /* XCRemoteSwiftPackageReference "firebase-ios-sdk" */;
			productName = FirebaseAuth;
		};
		957FAF662A278147000929EA /* FirebaseFirestore */ = {
			isa = XCSwiftPackageProductDependency;
			package = 957FAF632A278147000929EA /* XCRemoteSwiftPackageReference "firebase-ios-sdk" */;
			productName = FirebaseFirestore;
		};
		957FAF682A278147000929EA /* FirebaseFirestoreSwift */ = {
			isa = XCSwiftPackageProductDependency;
			package = 957FAF632A278147000929EA /* XCRemoteSwiftPackageReference "firebase-ios-sdk" */;
			productName = FirebaseFirestoreSwift;
		};
		957FAF6A2A278147000929EA /* FirebaseStorage */ = {
			isa = XCSwiftPackageProductDependency;
			package = 957FAF632A278147000929EA /* XCRemoteSwiftPackageReference "firebase-ios-sdk" */;
			productName = FirebaseStorage;
		};
		957FAF882A28A30E000929EA /* Kingfisher */ = {
			isa = XCSwiftPackageProductDependency;
			package = 957FAF872A28A30E000929EA /* XCRemoteSwiftPackageReference "Kingfisher" */;
			productName = Kingfisher;
		};
/* End XCSwiftPackageProductDependency section */
	};
	rootObject = 957FAF122A260730000929EA /* Project object */;
}
